
Microsoft Visual Studio Solution File, Format Version 12.00
# Visual Studio Version 17
VisualStudioVersion = 17.4.33110.190
MinimumVisualStudioVersion = 10.0.40219.1
Project("{FAE04EC0-301F-11D3-BF4B-00C04F79EFBC}") = "Planificator IOC", "Planificator IOC\Planificator IOC.csproj", "{100BF83F-4642-4008-905C-0326E5F51490}"
EndProject
Global
	GlobalSection(SolutionConfigurationPlatforms) = preSolution
		Debug|Any CPU = Debug|Any CPU
		Release|Any CPU = Release|Any CPU
	EndGlobalSection
	GlobalSection(ProjectConfigurationPlatforms) = postSolution
		{100BF83F-4642-4008-905C-0326E5F51490}.Debug|Any CPU.ActiveCfg = Debug|Any CPU
		{100BF83F-4642-4008-905C-0326E5F51490}.Debug|Any CPU.Build.0 = Debug|Any CPU
		{100BF83F-4642-4008-905C-0326E5F51490}.Release|Any CPU.ActiveCfg = Release|Any CPU
		{100BF83F-4642-4008-905C-0326E5F51490}.Release|Any CPU.Build.0 = Release|Any CPU
	EndGlobalSection
	GlobalSection(SolutionProperties) = preSolution
		HideSolutionNode = FALSE
	EndGlobalSection
	GlobalSection(ExtensibilityGlobals) = postSolution
		SolutionGuid = {40C22C8E-4A03-4316-87DF-D944808346C2}
	EndGlobalSection
EndGlobal
